
Microsoft Visual Studio Solution File, Format Version 12.00
# Visual Studio Version 17
VisualStudioVersion = 17.2.32630.192
MinimumVisualStudioVersion = 10.0.40219.1
Project("{9A19103F-16F7-4668-BE54-9A1E7A4F7556}") = "ColorSeq", "ColorSeq\ColorSeq.csproj", "{BCF26926-B45B-4EA3-BBE8-FB6B336E1AC4}"
EndProject
Project("{FAE04EC0-301F-11D3-BF4B-00C04F79EFBC}") = "ColorSeq.Tests", "ColorSeq.Tests\ColorSeq.Tests.csproj", "{8DF90D3C-6A07-4AAC-97BD-4FF37DE351D4}"
EndProject
Global
	GlobalSection(SolutionConfigurationPlatforms) = preSolution
		Debug|Any CPU = Debug|Any CPU
		Release|Any CPU = Release|Any CPU
	EndGlobalSection
	GlobalSection(ProjectConfigurationPlatforms) = postSolution
		{BCF26926-B45B-4EA3-BBE8-FB6B336E1AC4}.Debug|Any CPU.ActiveCfg = Debug|Any CPU
		{BCF26926-B45B-4EA3-BBE8-FB6B336E1AC4}.Debug|Any CPU.Build.0 = Debug|Any CPU
		{BCF26926-B45B-4EA3-BBE8-FB6B336E1AC4}.Release|Any CPU.ActiveCfg = Release|Any CPU
		{BCF26926-B45B-4EA3-BBE8-FB6B336E1AC4}.Release|Any CPU.Build.0 = Release|Any CPU
		{8DF90D3C-6A07-4AAC-97BD-4FF37DE351D4}.Debug|Any CPU.ActiveCfg = Debug|Any CPU
		{8DF90D3C-6A07-4AAC-97BD-4FF37DE351D4}.Debug|Any CPU.Build.0 = Debug|Any CPU
		{8DF90D3C-6A07-4AAC-97BD-4FF37DE351D4}.Release|Any CPU.ActiveCfg = Release|Any CPU
		{8DF90D3C-6A07-4AAC-97BD-4FF37DE351D4}.Release|Any CPU.Build.0 = Release|Any CPU
	EndGlobalSection
	GlobalSection(SolutionProperties) = preSolution
		HideSolutionNode = FALSE
	EndGlobalSection
	GlobalSection(ExtensibilityGlobals) = postSolution
		SolutionGuid = {1A7BF1FA-83A3-4557-8A4F-4D4BA1EC9109}
	EndGlobalSection
EndGlobal
